
Microsoft Visual Studio Solution File, Format Version 12.00
# Visual Studio Version 16
VisualStudioVersion = 16.0.30204.135
MinimumVisualStudioVersion = 10.0.40219.1
Project("{2150E333-8FDC-42A3-9474-1A3956D46DE8}") = "ATM.ApiModel", "ATM.ApiModel", "{76BB3EA0-CB49-4A11-8D97-7C68DA75C966}"
EndProject
Project("{2150E333-8FDC-42A3-9474-1A3956D46DE8}") = "ATM.App", "ATM.App", "{6F536F18-30D6-4623-87A7-9441FB7B82AE}"
EndProject
Project("{2150E333-8FDC-42A3-9474-1A3956D46DE8}") = "ATM.DataAccess", "ATM.DataAccess", "{8B1F96B9-937C-4728-B8F1-5748D759BB94}"
EndProject
Project("{2150E333-8FDC-42A3-9474-1A3956D46DE8}") = "ATM.WebApi", "ATM.WebApi", "{C9C4BBFC-6787-437D-9AC7-0E67D3E87ECF}"
EndProject
Project("{FAE04EC0-301F-11D3-BF4B-00C04F79EFBC}") = "ApiModel", "ATM.ApiModel\ApiModel\ApiModel.csproj", "{EBCAF3B0-33F7-4157-8BC8-DACA628CA548}"
EndProject
Project("{FAE04EC0-301F-11D3-BF4B-00C04F79EFBC}") = "ATM", "ATM.App\ATM\ATM.csproj", "{6FE8F67C-2F5E-4334-8B4E-752FAB431558}"
EndProject
Project("{FAE04EC0-301F-11D3-BF4B-00C04F79EFBC}") = "DataAccess", "ATM.DataAccess\DataAccess\DataAccess.csproj", "{170A7FA1-FEAD-4072-A96F-15E9542BF7A9}"
EndProject
Project("{FAE04EC0-301F-11D3-BF4B-00C04F79EFBC}") = "Entities", "ATM.DataAccess\Entities\Entities.csproj", "{482FE4A6-ADB3-45BA-AD29-A943F56C0EC5}"
EndProject
Project("{FAE04EC0-301F-11D3-BF4B-00C04F79EFBC}") = "BusinessLogic", "ATM.WebApi\BusinessLogic\BusinessLogic.csproj", "{A51C336E-1611-46C8-97AA-B003A084CE7F}"
EndProject
Project("{FAE04EC0-301F-11D3-BF4B-00C04F79EFBC}") = "WebApi", "ATM.WebApi\WebApi\WebApi.csproj", "{6E7EB5C1-4641-41C6-A7F3-DB6E07D41118}"
EndProject
Global
	GlobalSection(SolutionConfigurationPlatforms) = preSolution
		Debug|Any CPU = Debug|Any CPU
		Release|Any CPU = Release|Any CPU
	EndGlobalSection
	GlobalSection(ProjectConfigurationPlatforms) = postSolution
		{EBCAF3B0-33F7-4157-8BC8-DACA628CA548}.Debug|Any CPU.ActiveCfg = Debug|Any CPU
		{EBCAF3B0-33F7-4157-8BC8-DACA628CA548}.Debug|Any CPU.Build.0 = Debug|Any CPU
		{EBCAF3B0-33F7-4157-8BC8-DACA628CA548}.Release|Any CPU.ActiveCfg = Release|Any CPU
		{EBCAF3B0-33F7-4157-8BC8-DACA628CA548}.Release|Any CPU.Build.0 = Release|Any CPU
		{6FE8F67C-2F5E-4334-8B4E-752FAB431558}.Debug|Any CPU.ActiveCfg = Debug|Any CPU
		{6FE8F67C-2F5E-4334-8B4E-752FAB431558}.Debug|Any CPU.Build.0 = Debug|Any CPU
		{6FE8F67C-2F5E-4334-8B4E-752FAB431558}.Release|Any CPU.ActiveCfg = Release|Any CPU
		{6FE8F67C-2F5E-4334-8B4E-752FAB431558}.Release|Any CPU.Build.0 = Release|Any CPU
		{170A7FA1-FEAD-4072-A96F-15E9542BF7A9}.Debug|Any CPU.ActiveCfg = Debug|Any CPU
		{170A7FA1-FEAD-4072-A96F-15E9542BF7A9}.Debug|Any CPU.Build.0 = Debug|Any CPU
		{170A7FA1-FEAD-4072-A96F-15E9542BF7A9}.Release|Any CPU.ActiveCfg = Release|Any CPU
		{170A7FA1-FEAD-4072-A96F-15E9542BF7A9}.Release|Any CPU.Build.0 = Release|Any CPU
		{482FE4A6-ADB3-45BA-AD29-A943F56C0EC5}.Debug|Any CPU.ActiveCfg = Debug|Any CPU
		{482FE4A6-ADB3-45BA-AD29-A943F56C0EC5}.Debug|Any CPU.Build.0 = Debug|Any CPU
		{482FE4A6-ADB3-45BA-AD29-A943F56C0EC5}.Release|Any CPU.ActiveCfg = Release|Any CPU
		{482FE4A6-ADB3-45BA-AD29-A943F56C0EC5}.Release|Any CPU.Build.0 = Release|Any CPU
		{A51C336E-1611-46C8-97AA-B003A084CE7F}.Debug|Any CPU.ActiveCfg = Debug|Any CPU
		{A51C336E-1611-46C8-97AA-B003A084CE7F}.Debug|Any CPU.Build.0 = Debug|Any CPU
		{A51C336E-1611-46C8-97AA-B003A084CE7F}.Release|Any CPU.ActiveCfg = Release|Any CPU
		{A51C336E-1611-46C8-97AA-B003A084CE7F}.Release|Any CPU.Build.0 = Release|Any CPU
		{6E7EB5C1-4641-41C6-A7F3-DB6E07D41118}.Debug|Any CPU.ActiveCfg = Debug|Any CPU
		{6E7EB5C1-4641-41C6-A7F3-DB6E07D41118}.Debug|Any CPU.Build.0 = Debug|Any CPU
		{6E7EB5C1-4641-41C6-A7F3-DB6E07D41118}.Release|Any CPU.ActiveCfg = Release|Any CPU
		{6E7EB5C1-4641-41C6-A7F3-DB6E07D41118}.Release|Any CPU.Build.0 = Release|Any CPU
	EndGlobalSection
	GlobalSection(SolutionProperties) = preSolution
		HideSolutionNode = FALSE
	EndGlobalSection
	GlobalSection(NestedProjects) = preSolution
		{EBCAF3B0-33F7-4157-8BC8-DACA628CA548} = {76BB3EA0-CB49-4A11-8D97-7C68DA75C966}
		{6FE8F67C-2F5E-4334-8B4E-752FAB431558} = {6F536F18-30D6-4623-87A7-9441FB7B82AE}
		{170A7FA1-FEAD-4072-A96F-15E9542BF7A9} = {8B1F96B9-937C-4728-B8F1-5748D759BB94}
		{482FE4A6-ADB3-45BA-AD29-A943F56C0EC5} = {8B1F96B9-937C-4728-B8F1-5748D759BB94}
		{A51C336E-1611-46C8-97AA-B003A084CE7F} = {C9C4BBFC-6787-437D-9AC7-0E67D3E87ECF}
		{6E7EB5C1-4641-41C6-A7F3-DB6E07D41118} = {C9C4BBFC-6787-437D-9AC7-0E67D3E87ECF}
	EndGlobalSection
	GlobalSection(ExtensibilityGlobals) = postSolution
		SolutionGuid = {AA033015-85DE-4809-8FE4-95C52196AF92}
	EndGlobalSection
EndGlobal
